// !$*UTF8*$!
{
	archiveVersion = 1;
	classes = {
	};
	objectVersion = 55;
	objects = {

/* Begin PBXBuildFile section */
		5B2796DB2723AC9400999641 /* CustomActivity.swift in Sources */ = {isa = PBXBuildFile; fileRef = 5B2796DA2723AC9400999641 /* CustomActivity.swift */; };
		5B76A2222722741C0018C71D /* AppDelegate.swift in Sources */ = {isa = PBXBuildFile; fileRef = 5B76A2212722741C0018C71D /* AppDelegate.swift */; };
		5B76A2242722741C0018C71D /* SceneDelegate.swift in Sources */ = {isa = PBXBuildFile; fileRef = 5B76A2232722741C0018C71D /* SceneDelegate.swift */; };
		5B76A2262722741C0018C71D /* ViewController.swift in Sources */ = {isa = PBXBuildFile; fileRef = 5B76A2252722741C0018C71D /* ViewController.swift */; };
		5B76A2292722741C0018C71D /* Main.storyboard in Resources */ = {isa = PBXBuildFile; fileRef = 5B76A2272722741C0018C71D /* Main.storyboard */; };
		5B76A22C2722741C0018C71D /* APNs.xcdatamodeld in Sources */ = {isa = PBXBuildFile; fileRef = 5B76A22A2722741C0018C71D /* APNs.xcdatamodeld */; };
		5B76A22E272274210018C71D /* Assets.xcassets in Resources */ = {isa = PBXBuildFile; fileRef = 5B76A22D272274210018C71D /* Assets.xcassets */; };
		5B76A231272274210018C71D /* LaunchScreen.storyboard in Resources */ = {isa = PBXBuildFile; fileRef = 5B76A22F272274210018C71D /* LaunchScreen.storyboard */; };
		5B76A239272279330018C71D /* GoogleService-Info.plist in Resources */ = {isa = PBXBuildFile; fileRef = 5B76A238272279330018C71D /* GoogleService-Info.plist */; };
		BD8DFFCE69F39022971DF0E3 /* Pods_APNs.framework in Frameworks */ = {isa = PBXBuildFile; fileRef = D8EADC6CAA4BFEB45B6637DA /* Pods_APNs.framework */; };
/* End PBXBuildFile section */

/* Begin PBXFileReference section */
		4BF089D8BD350F61176E222C /* Pods-APNs.release.xcconfig */ = {isa = PBXFileReference; includeInIndex = 1; lastKnownFileType = text.xcconfig; name = "Pods-APNs.release.xcconfig"; path = "Target Support Files/Pods-APNs/Pods-APNs.release.xcconfig"; sourceTree = "<group>"; };
		5B2796DA2723AC9400999641 /* CustomActivity.swift */ = {isa = PBXFileReference; lastKnownFileType = sourcecode.swift; path = CustomActivity.swift; sourceTree = "<group>"; };
		5B76A21E2722741C0018C71D /* APNs.app */ = {isa = PBXFileReference; explicitFileType = wrapper.application; includeInIndex = 0; path = APNs.app; sourceTree = BUILT_PRODUCTS_DIR; };
		5B76A2212722741C0018C71D /* AppDelegate.swift */ = {isa = PBXFileReference; lastKnownFileType = sourcecode.swift; path = AppDelegate.swift; sourceTree = "<group>"; };
		5B76A2232722741C0018C71D /* SceneDelegate.swift */ = {isa = PBXFileReference; lastKnownFileType = sourcecode.swift; path = SceneDelegate.swift; sourceTree = "<group>"; };
		5B76A2252722741C0018C71D /* ViewController.swift */ = {isa = PBXFileReference; lastKnownFileType = sourcecode.swift; path = ViewController.swift; sourceTree = "<group>"; };
		5B76A2282722741C0018C71D /* Base */ = {isa = PBXFileReference; lastKnownFileType = file.storyboard; name = Base; path = Base.lproj/Main.storyboard; sourceTree = "<group>"; };
		5B76A22B2722741C0018C71D /* APNs.xcdatamodel */ = {isa = PBXFileReference; lastKnownFileType = wrapper.xcdatamodel; path = APNs.xcdatamodel; sourceTree = "<group>"; };
		5B76A22D272274210018C71D /* Assets.xcassets */ = {isa = PBXFileReference; lastKnownFileType = folder.assetcatalog; name = Assets.xcassets; path = APNs/Assets.xcassets; sourceTree = SOURCE_ROOT; };
		5B76A230272274210018C71D /* Base */ = {isa = PBXFileReference; lastKnownFileType = file.storyboard; name = Base; path = Base.lproj/LaunchScreen.storyboard; sourceTree = "<group>"; };
		5B76A232272274210018C71D /* Info.plist */ = {isa = PBXFileReference; lastKnownFileType = text.plist.xml; path = Info.plist; sourceTree = "<group>"; };
		5B76A238272279330018C71D /* GoogleService-Info.plist */ = {isa = PBXFileReference; fileEncoding = 4; lastKnownFileType = text.plist.xml; path = "GoogleService-Info.plist"; sourceTree = "<group>"; };
		5B76A23A272282AD0018C71D /* APNs.entitlements */ = {isa = PBXFileReference; lastKnownFileType = text.plist.entitlements; path = APNs.entitlements; sourceTree = "<group>"; };
		8DE93D235845630BD01A17FB /* Pods-APNs.debug.xcconfig */ = {isa = PBXFileReference; includeInIndex = 1; lastKnownFileType = text.xcconfig; name = "Pods-APNs.debug.xcconfig"; path = "Target Support Files/Pods-APNs/Pods-APNs.debug.xcconfig"; sourceTree = "<group>"; };
		D8EADC6CAA4BFEB45B6637DA /* Pods_APNs.framework */ = {isa = PBXFileReference; explicitFileType = wrapper.framework; includeInIndex = 0; path = Pods_APNs.framework; sourceTree = BUILT_PRODUCTS_DIR; };
/* End PBXFileReference section */

/* Begin PBXFrameworksBuildPhase section */
		5B76A21B2722741C0018C71D /* Frameworks */ = {
			isa = PBXFrameworksBuildPhase;
			buildActionMask = 2147483647;
			files = (
				BD8DFFCE69F39022971DF0E3 /* Pods_APNs.framework in Frameworks */,
			);
			runOnlyForDeploymentPostprocessing = 0;
		};
/* End PBXFrameworksBuildPhase section */

/* Begin PBXGroup section */
		3C65B9DF6012B06F6544D48C /* Frameworks */ = {
			isa = PBXGroup;
			children = (
				D8EADC6CAA4BFEB45B6637DA /* Pods_APNs.framework */,
			);
			name = Frameworks;
			sourceTree = "<group>";
		};
		573DE772D30D771B924FF29A /* Pods */ = {
			isa = PBXGroup;
			children = (
				8DE93D235845630BD01A17FB /* Pods-APNs.debug.xcconfig */,
				4BF089D8BD350F61176E222C /* Pods-APNs.release.xcconfig */,
			);
			path = Pods;
			sourceTree = "<group>";
		};
		5B76A2152722741C0018C71D = {
			isa = PBXGroup;
			children = (
				5B76A2202722741C0018C71D /* APNs */,
				5B76A21F2722741C0018C71D /* Products */,
				573DE772D30D771B924FF29A /* Pods */,
				3C65B9DF6012B06F6544D48C /* Frameworks */,
			);
			sourceTree = "<group>";
		};
		5B76A21F2722741C0018C71D /* Products */ = {
			isa = PBXGroup;
			children = (
				5B76A21E2722741C0018C71D /* APNs.app */,
			);
			name = Products;
			sourceTree = "<group>";
		};
		5B76A2202722741C0018C71D /* APNs */ = {
			isa = PBXGroup;
			children = (
				5B76A23A272282AD0018C71D /* APNs.entitlements */,
				5B76A2212722741C0018C71D /* AppDelegate.swift */,
				5B76A2232722741C0018C71D /* SceneDelegate.swift */,
				5B76A2252722741C0018C71D /* ViewController.swift */,
				5B2796DA2723AC9400999641 /* CustomActivity.swift */,
				5B76A2272722741C0018C71D /* Main.storyboard */,
				5B76A22D272274210018C71D /* Assets.xcassets */,
				5B76A22F272274210018C71D /* LaunchScreen.storyboard */,
				5B76A232272274210018C71D /* Info.plist */,
				5B76A238272279330018C71D /* GoogleService-Info.plist */,
				5B76A22A2722741C0018C71D /* APNs.xcdatamodeld */,
			);
			path = APNs;
			sourceTree = "<group>";
		};
/* End PBXGroup section */

/* Begin PBXNativeTarget section */
		5B76A21D2722741C0018C71D /* APNs */ = {
			isa = PBXNativeTarget;
			buildConfigurationList = 5B76A235272274210018C71D /* Build configuration list for PBXNativeTarget "APNs" */;
			buildPhases = (
				F05459E585E171BFA3758F73 /* [CP] Check Pods Manifest.lock */,
				5B76A21A2722741C0018C71D /* Sources */,
				5B76A21B2722741C0018C71D /* Frameworks */,
				5B76A21C2722741C0018C71D /* Resources */,
				D6304FDF3D1859EB22880B23 /* [CP] Embed Pods Frameworks */,
			);
			buildRules = (
			);
			dependencies = (
			);
			name = APNs;
			productName = APNs;
			productReference = 5B76A21E2722741C0018C71D /* APNs.app */;
			productType = "com.apple.product-type.application";
		};
/* End PBXNativeTarget section */

/* Begin PBXProject section */
		5B76A2162722741C0018C71D /* Project object */ = {
			isa = PBXProject;
			attributes = {
				BuildIndependentTargetsInParallel = 1;
				LastSwiftUpdateCheck = 1300;
				LastUpgradeCheck = 1300;
				TargetAttributes = {
					5B76A21D2722741C0018C71D = {
						CreatedOnToolsVersion = 13.0;
					};
				};
			};
			buildConfigurationList = 5B76A2192722741C0018C71D /* Build configuration list for PBXProject "APNs" */;
			compatibilityVersion = "Xcode 13.0";
			developmentRegion = en;
			hasScannedForEncodings = 0;
			knownRegions = (
				en,
				Base,
			);
			mainGroup = 5B76A2152722741C0018C71D;
			productRefGroup = 5B76A21F2722741C0018C71D /* Products */;
			projectDirPath = "";
			projectRoot = "";
			targets = (
				5B76A21D2722741C0018C71D /* APNs */,
			);
		};
/* End PBXProject section */

/* Begin PBXResourcesBuildPhase section */
		5B76A21C2722741C0018C71D /* Resources */ = {
			isa = PBXResourcesBuildPhase;
			buildActionMask = 2147483647;
			files = (
				5B76A231272274210018C71D /* LaunchScreen.storyboard in Resources */,
				5B76A22E272274210018C71D /* Assets.xcassets in Resources */,
				5B76A239272279330018C71D /* GoogleService-Info.plist in Resources */,
				5B76A2292722741C0018C71D /* Main.storyboard in Resources */,
			);
			runOnlyForDeploymentPostprocessing = 0;
		};
/* End PBXResourcesBuildPhase section */

/* Begin PBXShellScriptBuildPhase section */
		D6304FDF3D1859EB22880B23 /* [CP] Embed Pods Frameworks */ = {
			isa = PBXShellScriptBuildPhase;
			buildActionMask = 2147483647;
			files = (
			);
			inputFileListPaths = (
				"${PODS_ROOT}/Target Support Files/Pods-APNs/Pods-APNs-frameworks-${CONFIGURATION}-input-files.xcfilelist",
			);
			name = "[CP] Embed Pods Frameworks";
			outputFileListPaths = (
				"${PODS_ROOT}/Target Support Files/Pods-APNs/Pods-APNs-frameworks-${CONFIGURATION}-output-files.xcfilelist",
			);
			runOnlyForDeploymentPostprocessing = 0;
			shellPath = /bin/sh;
			shellScript = "\"${PODS_ROOT}/Target Support Files/Pods-APNs/Pods-APNs-frameworks.sh\"\n";
			showEnvVarsInLog = 0;
		};
		F05459E585E171BFA3758F73 /* [CP] Check Pods Manifest.lock */ = {
			isa = PBXShellScriptBuildPhase;
			buildActionMask = 2147483647;
			files = (
			);
			inputFileListPaths = (
			);
			inputPaths = (
				"${PODS_PODFILE_DIR_PATH}/Podfile.lock",
				"${PODS_ROOT}/Manifest.lock",
			);
			name = "[CP] Check Pods Manifest.lock";
			outputFileListPaths = (
			);
			outputPaths = (
				"$(DERIVED_FILE_DIR)/Pods-APNs-checkManifestLockResult.txt",
			);
			runOnlyForDeploymentPostprocessing = 0;
			shellPath = /bin/sh;
			shellScript = "diff \"${PODS_PODFILE_DIR_PATH}/Podfile.lock\" \"${PODS_ROOT}/Manifest.lock\" > /dev/null\nif [ $? != 0 ] ; then\n    # print error to STDERR\n    echo \"error: The sandbox is not in sync with the Podfile.lock. Run 'pod install' or update your CocoaPods installation.\" >&2\n    exit 1\nfi\n# This output is used by Xcode 'outputs' to avoid re-running this script phase.\necho \"SUCCESS\" > \"${SCRIPT_OUTPUT_FILE_0}\"\n";
			showEnvVarsInLog = 0;
		};
/* End PBXShellScriptBuildPhase section */

/* Begin PBXSourcesBuildPhase section */
		5B76A21A2722741C0018C71D /* Sources */ = {
			isa = PBXSourcesBuildPhase;
			buildActionMask = 2147483647;
			files = (
				5B2796DB2723AC9400999641 /* CustomActivity.swift in Sources */,
				5B76A2262722741C0018C71D /* ViewController.swift in Sources */,
				5B76A2222722741C0018C71D /* AppDelegate.swift in Sources */,
				5B76A2242722741C0018C71D /* SceneDelegate.swift in Sources */,
				5B76A22C2722741C0018C71D /* APNs.xcdatamodeld in Sources */,
			);
			runOnlyForDeploymentPostprocessing = 0;
		};
/* End PBXSourcesBuildPhase section */

/* Begin PBXVariantGroup section */
		5B76A2272722741C0018C71D /* Main.storyboard */ = {
			isa = PBXVariantGroup;
			children = (
				5B76A2282722741C0018C71D /* Base */,
			);
			name = Main.storyboard;
			sourceTree = "<group>";
		};
		5B76A22F272274210018C71D /* LaunchScreen.storyboard */ = {
			isa = PBXVariantGroup;
			children = (
				5B76A230272274210018C71D /* Base */,
			);
			name = LaunchScreen.storyboard;
			sourceTree = "<group>";
		};
/* End PBXVariantGroup section */

/* Begin XCBuildConfiguration section */
		5B76A233272274210018C71D /* Debug */ = {
			isa = XCBuildConfiguration;
			buildSettings = {
				ALWAYS_SEARCH_USER_PATHS = NO;
				CLANG_ANALYZER_NONNULL = YES;
				CLANG_ANALYZER_NUMBER_OBJECT_CONVERSION = YES_AGGRESSIVE;
				CLANG_CXX_LANGUAGE_STANDARD = "gnu++17";
				CLANG_CXX_LIBRARY = "libc++";
				CLANG_ENABLE_MODULES = YES;
				CLANG_ENABLE_OBJC_ARC = YES;
				CLANG_ENABLE_OBJC_WEAK = YES;
				CLANG_WARN_BLOCK_CAPTURE_AUTORELEASING = YES;
				CLANG_WARN_BOOL_CONVERSION = YES;
				CLANG_WARN_COMMA = YES;
				CLANG_WARN_CONSTANT_CONVERSION = YES;
				CLANG_WARN_DEPRECATED_OBJC_IMPLEMENTATIONS = YES;
				CLANG_WARN_DIRECT_OBJC_ISA_USAGE = YES_ERROR;
				CLANG_WARN_DOCUMENTATION_COMMENTS = YES;
				CLANG_WARN_EMPTY_BODY = YES;
				CLANG_WARN_ENUM_CONVERSION = YES;
				CLANG_WARN_INFINITE_RECURSION = YES;
				CLANG_WARN_INT_CONVERSION = YES;
				CLANG_WARN_NON_LITERAL_NULL_CONVERSION = YES;
				CLANG_WARN_OBJC_IMPLICIT_RETAIN_SELF = YES;
				CLANG_WARN_OBJC_LITERAL_CONVERSION = YES;
				CLANG_WARN_OBJC_ROOT_CLASS = YES_ERROR;
				CLANG_WARN_QUOTED_INCLUDE_IN_FRAMEWORK_HEADER = YES;
				CLANG_WARN_RANGE_LOOP_ANALYSIS = YES;
				CLANG_WARN_STRICT_PROTOTYPES = YES;
				CLANG_WARN_SUSPICIOUS_MOVE = YES;
				CLANG_WARN_UNGUARDED_AVAILABILITY = YES_AGGRESSIVE;
				CLANG_WARN_UNREACHABLE_CODE = YES;
				CLANG_WARN__DUPLICATE_METHOD_MATCH = YES;
				COPY_PHASE_STRIP = NO;
				DEBUG_INFORMATION_FORMAT = dwarf;
				ENABLE_STRICT_OBJC_MSGSEND = YES;
				ENABLE_TESTABILITY = YES;
				GCC_C_LANGUAGE_STANDARD = gnu11;
				GCC_DYNAMIC_NO_PIC = NO;
				GCC_NO_COMMON_BLOCKS = YES;
				GCC_OPTIMIZATION_LEVEL = 0;
				GCC_PREPROCESSOR_DEFINITIONS = (
					"DEBUG=1",
					"$(inherited)",
				);
				GCC_WARN_64_TO_32_BIT_CONVERSION = YES;
				GCC_WARN_ABOUT_RETURN_TYPE = YES_ERROR;
				GCC_WARN_UNDECLARED_SELECTOR = YES;
				GCC_WARN_UNINITIALIZED_AUTOS = YES_AGGRESSIVE;
				GCC_WARN_UNUSED_FUNCTION = YES;
				GCC_WARN_UNUSED_VARIABLE = YES;
				IPHONEOS_DEPLOYMENT_TARGET = 15.0;
				MTL_ENABLE_DEBUG_INFO = INCLUDE_SOURCE;
				MTL_FAST_MATH = YES;
				ONLY_ACTIVE_ARCH = YES;
				SDKROOT = iphoneos;
				SWIFT_ACTIVE_COMPILATION_CONDITIONS = DEBUG;
				SWIFT_OPTIMIZATION_LEVEL = "-Onone";
			};
			name = Debug;
		};
		5B76A234272274210018C71D /* Release */ = {
			isa = XCBuildConfiguration;
			buildSettings = {
				ALWAYS_SEARCH_USER_PATHS = NO;
				CLANG_ANALYZER_NONNULL = YES;
				CLANG_ANALYZER_NUMBER_OBJECT_CONVERSION = YES_AGGRESSIVE;
				CLANG_CXX_LANGUAGE_STANDARD = "gnu++17";
				CLANG_CXX_LIBRARY = "libc++";
				CLANG_ENABLE_MODULES = YES;
				CLANG_ENABLE_OBJC_ARC = YES;
				CLANG_ENABLE_OBJC_WEAK = YES;
				CLANG_WARN_BLOCK_CAPTURE_AUTORELEASING = YES;
				CLANG_WARN_BOOL_CONVERSION = YES;
				CLANG_WARN_COMMA = YES;
				CLANG_WARN_CONSTANT_CONVERSION = YES;
				CLANG_WARN_DEPRECATED_OBJC_IMPLEMENTATIONS = YES;
				CLANG_WARN_DIRECT_OBJC_ISA_USAGE = YES_ERROR;
				CLANG_WARN_DOCUMENTATION_COMMENTS = YES;
				CLANG_WARN_EMPTY_BODY = YES;
				CLANG_WARN_ENUM_CONVERSION = YES;
				CLANG_WARN_INFINITE_RECURSION = YES;
				CLANG_WARN_INT_CONVERSION = YES;
				CLANG_WARN_NON_LITERAL_NULL_CONVERSION = YES;
				CLANG_WARN_OBJC_IMPLICIT_RETAIN_SELF = YES;
				CLANG_WARN_OBJC_LITERAL_CONVERSION = YES;
				CLANG_WARN_OBJC_ROOT_CLASS = YES_ERROR;
				CLANG_WARN_QUOTED_INCLUDE_IN_FRAMEWORK_HEADER = YES;
				CLANG_WARN_RANGE_LOOP_ANALYSIS = YES;
				CLANG_WARN_STRICT_PROTOTYPES = YES;
				CLANG_WARN_SUSPICIOUS_MOVE = YES;
				CLANG_WARN_UNGUARDED_AVAILABILITY = YES_AGGRESSIVE;
				CLANG_WARN_UNREACHABLE_CODE = YES;
				CLANG_WARN__DUPLICATE_METHOD_MATCH = YES;
				COPY_PHASE_STRIP = NO;
				DEBUG_INFORMATION_FORMAT = "dwarf-with-dsym";
				ENABLE_NS_ASSERTIONS = NO;
				ENABLE_STRICT_OBJC_MSGSEND = YES;
				GCC_C_LANGUAGE_STANDARD = gnu11;
				GCC_NO_COMMON_BLOCKS = YES;
				GCC_WARN_64_TO_32_BIT_CONVERSION = YES;
				GCC_WARN_ABOUT_RETURN_TYPE = YES_ERROR;
				GCC_WARN_UNDECLARED_SELECTOR = YES;
				GCC_WARN_UNINITIALIZED_AUTOS = YES_AGGRESSIVE;
				GCC_WARN_UNUSED_FUNCTION = YES;
				GCC_WARN_UNUSED_VARIABLE = YES;
				IPHONEOS_DEPLOYMENT_TARGET = 15.0;
				MTL_ENABLE_DEBUG_INFO = NO;
				MTL_FAST_MATH = YES;
				SDKROOT = iphoneos;
				SWIFT_COMPILATION_MODE = wholemodule;
				SWIFT_OPTIMIZATION_LEVEL = "-O";
				VALIDATE_PRODUCT = YES;
			};
			name = Release;
		};
		5B76A236272274210018C71D /* Debug */ = {
			isa = XCBuildConfiguration;
			baseConfigurationReference = 8DE93D235845630BD01A17FB /* Pods-APNs.debug.xcconfig */;
			buildSettings = {
				ASSETCATALOG_COMPILER_APPICON_NAME = AppIcon;
				ASSETCATALOG_COMPILER_GLOBAL_ACCENT_COLOR_NAME = AccentColor;
				ASSETCATALOG_COMPILER_INCLUDE_ALL_APPICON_ASSETS = YES;
				CODE_SIGN_ENTITLEMENTS = APNs/APNs.entitlements;
				CODE_SIGN_STYLE = Automatic;
				CURRENT_PROJECT_VERSION = 1;
				DEVELOPMENT_TEAM = 4QG3GC35LA;
				GENERATE_INFOPLIST_FILE = YES;
				INFOPLIST_FILE = APNs/Info.plist;
				INFOPLIST_KEY_UIApplicationSupportsIndirectInputEvents = YES;
				INFOPLIST_KEY_UILaunchStoryboardName = LaunchScreen;
				INFOPLIST_KEY_UIMainStoryboardFile = Main;
				INFOPLIST_KEY_UISupportedInterfaceOrientations_iPad = "UIInterfaceOrientationPortrait UIInterfaceOrientationPortraitUpsideDown UIInterfaceOrientationLandscapeLeft UIInterfaceOrientationLandscapeRight";
				INFOPLIST_KEY_UISupportedInterfaceOrientations_iPhone = "UIInterfaceOrientationPortrait UIInterfaceOrientationLandscapeLeft UIInterfaceOrientationLandscapeRight";
				IPHONEOS_DEPLOYMENT_TARGET = 15.0;
				LD_RUNPATH_SEARCH_PATHS = (
					"$(inherited)",
					"@executable_path/Frameworks",
				);
				MARKETING_VERSION = 1.0;
				PRODUCT_BUNDLE_IDENTIFIER = com.ruheekim.APNs;
				PRODUCT_NAME = "$(TARGET_NAME)";
				SWIFT_EMIT_LOC_STRINGS = YES;
				SWIFT_VERSION = 5.0;
				TARGETED_DEVICE_FAMILY = "1,2";
			};
			name = Debug;
		};
		5B76A237272274210018C71D /* Release */ = {
			isa = XCBuildConfiguration;
			baseConfigurationReference = 4BF089D8BD350F61176E222C /* Pods-APNs.release.xcconfig */;
			buildSettings = {
				ASSETCATALOG_COMPILER_APPICON_NAME = AppIcon;
				ASSETCATALOG_COMPILER_GLOBAL_ACCENT_COLOR_NAME = AccentColor;
				ASSETCATALOG_COMPILER_INCLUDE_ALL_APPICON_ASSETS = YES;
				CODE_SIGN_ENTITLEMENTS = APNs/APNs.entitlements;
				CODE_SIGN_STYLE = Automatic;
				CURRENT_PROJECT_VERSION = 1;
				DEVELOPMENT_TEAM = 4QG3GC35LA;
				GENERATE_INFOPLIST_FILE = YES;
				INFOPLIST_FILE = APNs/Info.plist;
				INFOPLIST_KEY_UIApplicationSupportsIndirectInputEvents = YES;
				INFOPLIST_KEY_UILaunchStoryboardName = LaunchScreen;
				INFOPLIST_KEY_UIMainStoryboardFile = Main;
				INFOPLIST_KEY_UISupportedInterfaceOrientations_iPad = "UIInterfaceOrientationPortrait UIInterfaceOrientationPortraitUpsideDown UIInterfaceOrientationLandscapeLeft UIInterfaceOrientationLandscapeRight";
				INFOPLIST_KEY_UISupportedInterfaceOrientations_iPhone = "UIInterfaceOrientationPortrait UIInterfaceOrientationLandscapeLeft UIInterfaceOrientationLandscapeRight";
				IPHONEOS_DEPLOYMENT_TARGET = 15.0;
				LD_RUNPATH_SEARCH_PATHS = (
					"$(inherited)",
					"@executable_path/Frameworks",
				);
				MARKETING_VERSION = 1.0;
				PRODUCT_BUNDLE_IDENTIFIER = com.ruheekim.APNs;
				PRODUCT_NAME = "$(TARGET_NAME)";
				SWIFT_EMIT_LOC_STRINGS = YES;
				SWIFT_VERSION = 5.0;
				TARGETED_DEVICE_FAMILY = "1,2";
			};
			name = Release;
		};
/* End XCBuildConfiguration section */

/* Begin XCConfigurationList section */
		5B76A2192722741C0018C71D /* Build configuration list for PBXProject "APNs" */ = {
			isa = XCConfigurationList;
			buildConfigurations = (
				5B76A233272274210018C71D /* Debug */,
				5B76A234272274210018C71D /* Release */,
			);
			defaultConfigurationIsVisible = 0;
			defaultConfigurationName = Release;
		};
		5B76A235272274210018C71D /* Build configuration list for PBXNativeTarget "APNs" */ = {
			isa = XCConfigurationList;
			buildConfigurations = (
				5B76A236272274210018C71D /* Debug */,
				5B76A237272274210018C71D /* Release */,
			);
			defaultConfigurationIsVisible = 0;
			defaultConfigurationName = Release;
		};
/* End XCConfigurationList section */

/* Begin XCVersionGroup section */
		5B76A22A2722741C0018C71D /* APNs.xcdatamodeld */ = {
			isa = XCVersionGroup;
			children = (
				5B76A22B2722741C0018C71D /* APNs.xcdatamodel */,
			);
			currentVersion = 5B76A22B2722741C0018C71D /* APNs.xcdatamodel */;
			path = APNs.xcdatamodeld;
			sourceTree = "<group>";
			versionGroupType = wrapper.xcdatamodel;
		};
/* End XCVersionGroup section */
	};
	rootObject = 5B76A2162722741C0018C71D /* Project object */;
}
